{
  "version": 4,
  "terraform_version": "1.15.4",
  "serial": 1,
  "lineage": "16976dee-4c90-4127-098c-97f54294e997",
  "outputs": {},
  "resources": [
    {
      "mode": "managed",
      "type": "local_file",
      "name": "app_config",
      "provider": "provider[\"registry.terraform.io/hashicorp/local\"]",
      "instances": [
        {
          "schema_version": 0,
          "attributes": {
            "content": "APP_NAME=devops-uts-app\r\nENVIRONMENT=staging\r\nPORT=3000\r\n",
            "content_base64": null,
            "content_base64sha256": "pR0WKebd0+hvjFHQX1oRKCaFhaZqasgP7pHTrnP68EI=",
            "content_base64sha512": "VZPDH8HZf1oGGccDQUyJXLXZwrueUUjZgdm9+3i5GV6kQWhoP26X41Iu3v8kWIGbfSshJ7Q4TPTm7/JEusM97w==",
            "content_md5": "25ccce1fa6d138c2e6cc97eadee28036",
            "content_sha1": "6ed29f44682c1f2a3aec008886de2792b35e8d66",
            "content_sha256": "a51d1629e6ddd3e86f8c51d05f5a1128268585a66a6ac80fee91d3ae73faf042",
            "content_sha512": "5593c31fc1d97f5a0619c703414c895cb5d9c2bb9e5148d981d9bdfb78b9195ea44168683f6e97e3522edeff2458819b7d2b2127b4384cf4e6eff244bac33def",
            "directory_permission": "0777",
            "file_permission": "0777",
            "filename": "../output/app-config.env",
            "id": "6ed29f44682c1f2a3aec008886de2792b35e8d66",
            "sensitive_content": null,
            "source": null
          },
          "sensitive_attributes": [
            [
              {
                "type": "get_attr",
                "value": "sensitive_content"
              }
            ]
          ],
          "identity_schema_version": 0
        }
      ]
    },
    {
      "mode": "managed",
      "type": "local_file",
      "name": "deploy_info",
      "provider": "provider[\"registry.terraform.io/hashicorp/local\"]",
      "instances": [
        {
          "schema_version": 0,
          "attributes": {
            "content": "Deployed: devops-uts-app to staging",
            "content_base64": null,
            "content_base64sha256": "dXkiIHA0+y5RX8MYK9wEhPIwsZThb4F7sZDm+8iSAl0=",
            "content_base64sha512": "9ukRL0a/B474Gqs91GcOnVJzRfMGhckfVTPF0QWi4R0PT5VLi/i8uAQfzL85ItWnE9cODC8Kxva+CE4u/0OhGg==",
            "content_md5": "4b5e02e5875ec325bdaa337643a872c1",
            "content_sha1": "b3b7ccdfbac82393e5d298c38276c2210db33822",
            "content_sha256": "757922207034fb2e515fc3182bdc0484f230b194e16f817bb190e6fbc892025d",
            "content_sha512": "f6e9112f46bf078ef81aab3dd4670e9d527345f30685c91f5533c5d105a2e11d0f4f954b8bf8bcb8041fccbf3922d5a713d70e0c2f0ac6f6be084e2eff43a11a",
            "directory_permission": "0777",
            "file_permission": "0777",
            "filename": "../output/deploy-info.txt",
            "id": "b3b7ccdfbac82393e5d298c38276c2210db33822",
            "sensitive_content": null,
            "source": null
          },
          "sensitive_attributes": [
            [
              {
                "type": "get_attr",
                "value": "sensitive_content"
              }
            ]
          ],
          "identity_schema_version": 0
        }
      ]
    }
  ],
  "check_results": null
}
